dependencies:
  espressif/cjson:
    component_hash: 002c6d1872ee4c97d333938ebe107a29841cc847f9de89e676714bd2844057ea
    dependencies:
    - name: idf
      require: private
      version: '>=5.0'
    source:
      registry_url: https://components.espressif.com/
      type: service
    version: 1.7.19~1
  espressif/esp_lcd_touch:
    component_hash: 3f85a7d95af876f1a6ecca8eb90a81614890d0f03a038390804e5a77e2caf862
    dependencies:
    - name: idf
      require: private
      version: '>=4.4.2'
    source:
      registry_url: https://components.espressif.com
      type: service
    version: 1.2.1
  idf:
    source:
      type: idf
    version: 6.0.0
  pedrominatel/shtc3:
    component_hash: 8a1d0d0700c5c5fe75f59bfb6d165d778c89aba17588c3c763375191b7181efc
    dependencies:
    - name: idf
      require: private
      version: '>=5.3'
    source:
      registry_url: https://components.espressif.com/
      type: service
    version: 1.4.1
  slint/slint:
    component_hash: 80c9777fb8c2ecd60d4e34c69c5ded117de7c4f8e5f58cce0941320c753d0149
    dependencies:
    - name: espressif/esp_lcd_touch
      registry_url: https://components.espressif.com
      require: public
      version: '>=1.0.4'
    - name: idf
      require: private
      version: '>=5.1'
    source:
      registry_url: https://components.espressif.com/
      type: service
    version: 1.16.1
direct_dependencies:
- espressif/cjson
- idf
- pedrominatel/shtc3
- slint/slint
manifest_hash: 6888eacae122bcb3dfb333e5117ef7031c4ca48699a25fcd042d3f5f31d1fcdb
target: esp32s3
version: 3.0.0
